
Microsoft Visual Studio Solution File, Format Version 12.00
# Visual Studio 2012
Project("{FAE04EC0-301F-11D3-BF4B-00C04F79EFBC}") = "iOSFirebase", "iOSFirebase\iOSFirebase.csproj", "{A1974CEB-3616-45ED-9688-C55BC72D19F3}"
EndProject
Global
	GlobalSection(SolutionConfigurationPlatforms) = preSolution
		Debug|iPhoneSimulator = Debug|iPhoneSimulator
		Release|iPhone = Release|iPhone
		Release|iPhoneSimulator = Release|iPhoneSimulator
		Debug|iPhone = Debug|iPhone
	EndGlobalSection
	GlobalSection(ProjectConfigurationPlatforms) = postSolution
		{A1974CEB-3616-45ED-9688-C55BC72D19F3}.Debug|iPhoneSimulator.ActiveCfg = Debug|iPhoneSimulator
		{A1974CEB-3616-45ED-9688-C55BC72D19F3}.Debug|iPhoneSimulator.Build.0 = Debug|iPhoneSimulator
		{A1974CEB-3616-45ED-9688-C55BC72D19F3}.Release|iPhone.ActiveCfg = Release|iPhone
		{A1974CEB-3616-45ED-9688-C55BC72D19F3}.Release|iPhone.Build.0 = Release|iPhone
		{A1974CEB-3616-45ED-9688-C55BC72D19F3}.Release|iPhoneSimulator.ActiveCfg = Release|iPhoneSimulator
		{A1974CEB-3616-45ED-9688-C55BC72D19F3}.Release|iPhoneSimulator.Build.0 = Release|iPhoneSimulator
		{A1974CEB-3616-45ED-9688-C55BC72D19F3}.Debug|iPhone.ActiveCfg = Debug|iPhone
		{A1974CEB-3616-45ED-9688-C55BC72D19F3}.Debug|iPhone.Build.0 = Debug|iPhone
	EndGlobalSection
EndGlobal
